
Microsoft Visual Studio Solution File, Format Version 10.00
# Visual Studio 2008
Project("{FAE04EC0-301F-11D3-BF4B-00C04F79EFBC}") = "ConsoleApplication", "ConsoleApplication\ConsoleApplication.csproj", "{7D30605A-1FBD-46A9-B62E-2F1EB9955642}"
EndProject
Global
	GlobalSection(SolutionConfigurationPlatforms) = preSolution
		Debug|Any CPU = Debug|Any CPU
		Release|Any CPU = Release|Any CPU
	EndGlobalSection
	GlobalSection(ProjectConfigurationPlatforms) = postSolution
		{7D30605A-1FBD-46A9-B62E-2F1EB9955642}.Debug|Any CPU.ActiveCfg = Debug|Any CPU
		{7D30605A-1FBD-46A9-B62E-2F1EB9955642}.Debug|Any CPU.Build.0 = Debug|Any CPU
		{7D30605A-1FBD-46A9-B62E-2F1EB9955642}.Release|Any CPU.ActiveCfg = Release|Any CPU
		{7D30605A-1FBD-46A9-B62E-2F1EB9955642}.Release|Any CPU.Build.0 = Release|Any CPU
	EndGlobalSection
	GlobalSection(SolutionProperties) = preSolution
		HideSolutionNode = FALSE
	EndGlobalSection
EndGlobal
